dependencies:
- name: ingress-nginx
  repository: https://kubernetes.github.io/ingress-nginx
  version: 4.14.3
- name: postgresql
  repository: https://charts.bitnami.com/bitnami
  version: 18.2.4
digest: sha256:824be9c935daa78297a3a965759e25d5b98a6a10fec66da56bd3cee45c4e1e72
generated: "2026-02-06T14:20:07.963961-08:00"
