dependencies:
- name: ingress-nginx
  repository: https://kubernetes.github.io/ingress-nginx
  version: 4.15.0
- name: minio
  repository: https://charts.min.io/
  version: 5.4.0
- name: postgresql
  repository: https://charts.bitnami.com/bitnami
  version: 18.5.6
- name: redis
  repository: https://charts.bitnami.com/bitnami
  version: 25.3.2
- name: kafka
  repository: https://charts.bitnami.com/bitnami
  version: 32.4.3
- name: prometheus
  repository: https://prometheus-community.github.io/helm-charts
  version: 28.13.0
- name: grafana
  repository: https://grafana.github.io/helm-charts
  version: 10.5.15
- name: mocker
  repository: oci://ghcr.io/alexpetrusca
  version: 1.0.0
digest: sha256:30650eff5a981147a5323b3c9a6b3267a4b7d99931bf0232cdbed026c929d26b
generated: "2026-03-12T17:30:12.239964-07:00"
